
Microsoft Visual Studio Solution File, Format Version 12.00
# Visual Studio Version 17
VisualStudioVersion = 17.2.32516.85
MinimumVisualStudioVersion = 10.0.40219.1
Project("{FAE04EC0-301F-11D3-BF4B-00C04F79EFBC}") = "BackupBunker", "BackupBunker\BackupBunker.csproj", "{45D8EE42-B249-437E-A78C-6AD4DC60C3E8}"
EndProject
Global
	GlobalSection(SolutionConfigurationPlatforms) = preSolution
		Debug|Any CPU = Debug|Any CPU
		Release|Any CPU = Release|Any CPU
	EndGlobalSection
	GlobalSection(ProjectConfigurationPlatforms) = postSolution
		{45D8EE42-B249-437E-A78C-6AD4DC60C3E8}.Debug|Any CPU.ActiveCfg = Debug|Any CPU
		{45D8EE42-B249-437E-A78C-6AD4DC60C3E8}.Debug|Any CPU.Build.0 = Debug|Any CPU
		{45D8EE42-B249-437E-A78C-6AD4DC60C3E8}.Release|Any CPU.ActiveCfg = Release|Any CPU
		{45D8EE42-B249-437E-A78C-6AD4DC60C3E8}.Release|Any CPU.Build.0 = Release|Any CPU
	EndGlobalSection
	GlobalSection(SolutionProperties) = preSolution
		HideSolutionNode = FALSE
	EndGlobalSection
	GlobalSection(ExtensibilityGlobals) = postSolution
		SolutionGuid = {96C0E4FF-A2E3-41D7-B27D-9FFE3C7C39F2}
	EndGlobalSection
EndGlobal
